
Microsoft Visual Studio Solution File, Format Version 12.00
# Visual Studio Version 16
VisualStudioVersion = 16.0.31624.102
MinimumVisualStudioVersion = 10.0.40219.1
Project("{FAE04EC0-301F-11D3-BF4B-00C04F79EFBC}") = "NGANHANG", "NGANHANG\NGANHANG.csproj", "{B28BB984-990F-41F2-B1BE-149A15172062}"
EndProject
Global
	GlobalSection(SolutionConfigurationPlatforms) = preSolution
		Debug|Any CPU = Debug|Any CPU
		Release|Any CPU = Release|Any CPU
	EndGlobalSection
	GlobalSection(ProjectConfigurationPlatforms) = postSolution
		{B28BB984-990F-41F2-B1BE-149A15172062}.Debug|Any CPU.ActiveCfg = Debug|Any CPU
		{B28BB984-990F-41F2-B1BE-149A15172062}.Debug|Any CPU.Build.0 = Debug|Any CPU
		{B28BB984-990F-41F2-B1BE-149A15172062}.Release|Any CPU.ActiveCfg = Release|Any CPU
		{B28BB984-990F-41F2-B1BE-149A15172062}.Release|Any CPU.Build.0 = Release|Any CPU
	EndGlobalSection
	GlobalSection(SolutionProperties) = preSolution
		HideSolutionNode = FALSE
	EndGlobalSection
	GlobalSection(ExtensibilityGlobals) = postSolution
		SolutionGuid = {E99D1E14-0875-403C-846B-CF261E9A2457}
	EndGlobalSection
EndGlobal
